
Microsoft Visual Studio Solution File, Format Version 12.00
# Visual Studio Version 17
VisualStudioVersion = 17.0.32112.339
MinimumVisualStudioVersion = 10.0.40219.1
Project("{FAE04EC0-301F-11D3-BF4B-00C04F79EFBC}") = "Events", "Events\Events.csproj", "{ECDE6085-51DE-4D0C-813B-E9E6EC498DEA}"
EndProject
Global
	GlobalSection(SolutionConfigurationPlatforms) = preSolution
		Debug|Any CPU = Debug|Any CPU
		Release|Any CPU = Release|Any CPU
	EndGlobalSection
	GlobalSection(ProjectConfigurationPlatforms) = postSolution
		{ECDE6085-51DE-4D0C-813B-E9E6EC498DEA}.Debug|Any CPU.ActiveCfg = Debug|Any CPU
		{ECDE6085-51DE-4D0C-813B-E9E6EC498DEA}.Debug|Any CPU.Build.0 = Debug|Any CPU
		{ECDE6085-51DE-4D0C-813B-E9E6EC498DEA}.Release|Any CPU.ActiveCfg = Release|Any CPU
		{ECDE6085-51DE-4D0C-813B-E9E6EC498DEA}.Release|Any CPU.Build.0 = Release|Any CPU
	EndGlobalSection
	GlobalSection(SolutionProperties) = preSolution
		HideSolutionNode = FALSE
	EndGlobalSection
	GlobalSection(ExtensibilityGlobals) = postSolution
		SolutionGuid = {A35982F3-E36F-4CDD-B9A0-1053DE43175B}
	EndGlobalSection
EndGlobal
